
Microsoft Visual Studio Solution File, Format Version 12.00
# Visual Studio Version 17
VisualStudioVersion = 17.10.35027.167
MinimumVisualStudioVersion = 10.0.40219.1
Project("{FAE04EC0-301F-11D3-BF4B-00C04F79EFBC}") = "KimlikKaydi", "KimlikKaydi\KimlikKaydi.csproj", "{EA3044D9-486D-4AFC-B72C-69186770CA7D}"
EndProject
Global
	GlobalSection(SolutionConfigurationPlatforms) = preSolution
		Debug|Any CPU = Debug|Any CPU
		Release|Any CPU = Release|Any CPU
	EndGlobalSection
	GlobalSection(ProjectConfigurationPlatforms) = postSolution
		{EA3044D9-486D-4AFC-B72C-69186770CA7D}.Debug|Any CPU.ActiveCfg = Debug|Any CPU
		{EA3044D9-486D-4AFC-B72C-69186770CA7D}.Debug|Any CPU.Build.0 = Debug|Any CPU
		{EA3044D9-486D-4AFC-B72C-69186770CA7D}.Release|Any CPU.ActiveCfg = Release|Any CPU
		{EA3044D9-486D-4AFC-B72C-69186770CA7D}.Release|Any CPU.Build.0 = Release|Any CPU
	EndGlobalSection
	GlobalSection(SolutionProperties) = preSolution
		HideSolutionNode = FALSE
	EndGlobalSection
	GlobalSection(ExtensibilityGlobals) = postSolution
		SolutionGuid = {B9163870-1884-4FD8-A331-7EFB8FAC469A}
	EndGlobalSection
EndGlobal
